
Microsoft Visual Studio Solution File, Format Version 12.00
# Visual Studio Version 17
VisualStudioVersion = 17.10.35004.147
MinimumVisualStudioVersion = 10.0.40219.1
Project("{FAE04EC0-301F-11D3-BF4B-00C04F79EFBC}") = "OnTapASP", "OnTapASP\OnTapASP.csproj", "{49635EB2-105A-4F65-935C-CE0CF56FFF73}"
EndProject
Global
	GlobalSection(SolutionConfigurationPlatforms) = preSolution
		Debug|Any CPU = Debug|Any CPU
		Release|Any CPU = Release|Any CPU
	EndGlobalSection
	GlobalSection(ProjectConfigurationPlatforms) = postSolution
		{49635EB2-105A-4F65-935C-CE0CF56FFF73}.Debug|Any CPU.ActiveCfg = Debug|Any CPU
		{49635EB2-105A-4F65-935C-CE0CF56FFF73}.Debug|Any CPU.Build.0 = Debug|Any CPU
		{49635EB2-105A-4F65-935C-CE0CF56FFF73}.Release|Any CPU.ActiveCfg = Release|Any CPU
		{49635EB2-105A-4F65-935C-CE0CF56FFF73}.Release|Any CPU.Build.0 = Release|Any CPU
	EndGlobalSection
	GlobalSection(SolutionProperties) = preSolution
		HideSolutionNode = FALSE
	EndGlobalSection
	GlobalSection(ExtensibilityGlobals) = postSolution
		SolutionGuid = {9A4245BE-34F1-4F56-8B11-9DC3B06B160C}
	EndGlobalSection
EndGlobal
